
Microsoft Visual Studio Solution File, Format Version 12.00
# Visual Studio Version 17
VisualStudioVersion = 17.3.32922.545
MinimumVisualStudioVersion = 10.0.40219.1
Project("{FAE04EC0-301F-11D3-BF4B-00C04F79EFBC}") = "ProjectSTQA1", "ProjectSTQA1\ProjectSTQA1.csproj", "{461DCFF8-495B-4FB4-9893-ABE655953FA9}"
EndProject
Global
	GlobalSection(SolutionConfigurationPlatforms) = preSolution
		Debug|Any CPU = Debug|Any CPU
		Release|Any CPU = Release|Any CPU
	EndGlobalSection
	GlobalSection(ProjectConfigurationPlatforms) = postSolution
		{461DCFF8-495B-4FB4-9893-ABE655953FA9}.Debug|Any CPU.ActiveCfg = Debug|Any CPU
		{461DCFF8-495B-4FB4-9893-ABE655953FA9}.Debug|Any CPU.Build.0 = Debug|Any CPU
		{461DCFF8-495B-4FB4-9893-ABE655953FA9}.Release|Any CPU.ActiveCfg = Release|Any CPU
		{461DCFF8-495B-4FB4-9893-ABE655953FA9}.Release|Any CPU.Build.0 = Release|Any CPU
	EndGlobalSection
	GlobalSection(SolutionProperties) = preSolution
		HideSolutionNode = FALSE
	EndGlobalSection
	GlobalSection(ExtensibilityGlobals) = postSolution
		SolutionGuid = {7C3610A7-C898-4650-86FD-56C83543D6D5}
	EndGlobalSection
EndGlobal
